
Microsoft Visual Studio Solution File, Format Version 12.00
# Visual Studio 15
VisualStudioVersion = 15.0.26730.12
MinimumVisualStudioVersion = 10.0.40219.1
Project("{FAE04EC0-301F-11D3-BF4B-00C04F79EFBC}") = "MVC2017", "MVC2017\MVC2017.csproj", "{7B4A0AC0-16DB-4884-A115-63853101AFC7}"
EndProject
Project("{FAE04EC0-301F-11D3-BF4B-00C04F79EFBC}") = "MVC2017.Angular", "MVC2017.Angular\MVC2017.Angular.csproj", "{0122C057-2226-4022-B13D-FFADDD954FBE}"
EndProject
Project("{FAE04EC0-301F-11D3-BF4B-00C04F79EFBC}") = "ConsoleApp1", "ConsoleApp1\ConsoleApp1\ConsoleApp1.csproj", "{82BCF6E9-D3E8-41BB-A6A5-040E57E30310}"
EndProject
Project("{FAE04EC0-301F-11D3-BF4B-00C04F79EFBC}") = "ASP2017", "ASP2017\ASP2017.csproj", "{3B9FFB78-8C9A-45BD-9AAF-4E76A2ED131B}"
EndProject
Project("{FAE04EC0-301F-11D3-BF4B-00C04F79EFBC}") = "DemoProject.Entities", "DemoProject.Entity\DemoProject.Entities.csproj", "{2834E601-694D-4120-8357-C7FBF5CD1022}"
EndProject
Project("{FAE04EC0-301F-11D3-BF4B-00C04F79EFBC}") = "DemoProject.BLL", "DemoProject.BL\DemoProject.BLL.csproj", "{DE70E95C-A85E-48E8-B9BF-98F428EA302E}"
EndProject
Project("{FAE04EC0-301F-11D3-BF4B-00C04F79EFBC}") = "DemoProject.API", "DemoProject.API\DemoProject.API.csproj", "{87424D92-DD24-4382-B298-4E2E7883644E}"
EndProject
Project("{FAE04EC0-301F-11D3-BF4B-00C04F79EFBC}") = "ConvertCSharpToTypeScript", "ConvertCSharpToTypeScript\ConvertCSharpToTypeScript.csproj", "{A5C5425F-26B7-4A11-A930-436BC0891514}"
EndProject
Global
	GlobalSection(SolutionConfigurationPlatforms) = preSolution
		Debug|Any CPU = Debug|Any CPU
		Release|Any CPU = Release|Any CPU
	EndGlobalSection
	GlobalSection(ProjectConfigurationPlatforms) = postSolution
		{7B4A0AC0-16DB-4884-A115-63853101AFC7}.Debug|Any CPU.ActiveCfg = Debug|Any CPU
		{7B4A0AC0-16DB-4884-A115-63853101AFC7}.Debug|Any CPU.Build.0 = Debug|Any CPU
		{7B4A0AC0-16DB-4884-A115-63853101AFC7}.Release|Any CPU.ActiveCfg = Release|Any CPU
		{7B4A0AC0-16DB-4884-A115-63853101AFC7}.Release|Any CPU.Build.0 = Release|Any CPU
		{0122C057-2226-4022-B13D-FFADDD954FBE}.Debug|Any CPU.ActiveCfg = Debug|Any CPU
		{0122C057-2226-4022-B13D-FFADDD954FBE}.Debug|Any CPU.Build.0 = Debug|Any CPU
		{0122C057-2226-4022-B13D-FFADDD954FBE}.Release|Any CPU.ActiveCfg = Release|Any CPU
		{0122C057-2226-4022-B13D-FFADDD954FBE}.Release|Any CPU.Build.0 = Release|Any CPU
		{82BCF6E9-D3E8-41BB-A6A5-040E57E30310}.Debug|Any CPU.ActiveCfg = Debug|Any CPU
		{82BCF6E9-D3E8-41BB-A6A5-040E57E30310}.Debug|Any CPU.Build.0 = Debug|Any CPU
		{82BCF6E9-D3E8-41BB-A6A5-040E57E30310}.Release|Any CPU.ActiveCfg = Release|Any CPU
		{82BCF6E9-D3E8-41BB-A6A5-040E57E30310}.Release|Any CPU.Build.0 = Release|Any CPU
		{3B9FFB78-8C9A-45BD-9AAF-4E76A2ED131B}.Debug|Any CPU.ActiveCfg = Debug|Any CPU
		{3B9FFB78-8C9A-45BD-9AAF-4E76A2ED131B}.Debug|Any CPU.Build.0 = Debug|Any CPU
		{3B9FFB78-8C9A-45BD-9AAF-4E76A2ED131B}.Release|Any CPU.ActiveCfg = Release|Any CPU
		{2834E601-694D-4120-8357-C7FBF5CD1022}.Debug|Any CPU.ActiveCfg = Debug|Any CPU
		{2834E601-694D-4120-8357-C7FBF5CD1022}.Debug|Any CPU.Build.0 = Debug|Any CPU
		{2834E601-694D-4120-8357-C7FBF5CD1022}.Release|Any CPU.ActiveCfg = Release|Any CPU
		{2834E601-694D-4120-8357-C7FBF5CD1022}.Release|Any CPU.Build.0 = Release|Any CPU
		{DE70E95C-A85E-48E8-B9BF-98F428EA302E}.Debug|Any CPU.ActiveCfg = Debug|Any CPU
		{DE70E95C-A85E-48E8-B9BF-98F428EA302E}.Debug|Any CPU.Build.0 = Debug|Any CPU
		{DE70E95C-A85E-48E8-B9BF-98F428EA302E}.Release|Any CPU.ActiveCfg = Release|Any CPU
		{DE70E95C-A85E-48E8-B9BF-98F428EA302E}.Release|Any CPU.Build.0 = Release|Any CPU
		{87424D92-DD24-4382-B298-4E2E7883644E}.Debug|Any CPU.ActiveCfg = Debug|Any CPU
		{87424D92-DD24-4382-B298-4E2E7883644E}.Debug|Any CPU.Build.0 = Debug|Any CPU
		{87424D92-DD24-4382-B298-4E2E7883644E}.Release|Any CPU.ActiveCfg = Release|Any CPU
		{87424D92-DD24-4382-B298-4E2E7883644E}.Release|Any CPU.Build.0 = Release|Any CPU
		{A5C5425F-26B7-4A11-A930-436BC0891514}.Debug|Any CPU.ActiveCfg = Debug|Any CPU
		{A5C5425F-26B7-4A11-A930-436BC0891514}.Debug|Any CPU.Build.0 = Debug|Any CPU
		{A5C5425F-26B7-4A11-A930-436BC0891514}.Release|Any CPU.ActiveCfg = Release|Any CPU
		{A5C5425F-26B7-4A11-A930-436BC0891514}.Release|Any CPU.Build.0 = Release|Any CPU
	EndGlobalSection
	GlobalSection(SolutionProperties) = preSolution
		HideSolutionNode = FALSE
	EndGlobalSection
	GlobalSection(ExtensibilityGlobals) = postSolution
		SolutionGuid = {AAD2D693-6FDC-4B08-A093-17F90C015A59}
	EndGlobalSection
EndGlobal
